
Microsoft Visual Studio Solution File, Format Version 12.00
# Visual Studio 15
VisualStudioVersion = 15.0.27703.2000
MinimumVisualStudioVersion = 10.0.40219.1
Project("{888888A0-9F3D-457C-B088-3A5042F75D52}") = "firstproject", "firstproject\firstproject.pyproj", "{7F82DA34-3970-48F9-8A22-A232F425988D}"
EndProject
Global
	GlobalSection(SolutionConfigurationPlatforms) = preSolution
		Debug|Any CPU = Debug|Any CPU
		Release|Any CPU = Release|Any CPU
	EndGlobalSection
	GlobalSection(ProjectConfigurationPlatforms) = postSolution
		{7F82DA34-3970-48F9-8A22-A232F425988D}.Debug|Any CPU.ActiveCfg = Debug|Any CPU
		{7F82DA34-3970-48F9-8A22-A232F425988D}.Debug|Any CPU.Build.0 = Debug|Any CPU
		{7F82DA34-3970-48F9-8A22-A232F425988D}.Release|Any CPU.ActiveCfg = Release|Any CPU
		{7F82DA34-3970-48F9-8A22-A232F425988D}.Release|Any CPU.Build.0 = Release|Any CPU
	EndGlobalSection
	GlobalSection(SolutionProperties) = preSolution
		HideSolutionNode = FALSE
	EndGlobalSection
	GlobalSection(ExtensibilityGlobals) = postSolution
		SolutionGuid = {735B0077-C847-42BB-9EAD-2C85CD51E808}
	EndGlobalSection
EndGlobal
